
Microsoft Visual Studio Solution File, Format Version 12.00
# Visual Studio 15
VisualStudioVersion = 15.0.27428.2015
MinimumVisualStudioVersion = 10.0.40219.1
Project("{FAE04EC0-301F-11D3-BF4B-00C04F79EFBC}") = "CroweHello", "CroweHello\CroweHello.csproj", "{D21504CC-42B3-41C5-A4DE-3F6B4EC5B962}"
EndProject
Project("{FAE04EC0-301F-11D3-BF4B-00C04F79EFBC}") = "CroweHello.Tests", "CroweHello.Tests\CroweHello.Tests.csproj", "{67A5467E-1F2A-465C-9AB4-F1C0260497A4}"
EndProject
Project("{2150E333-8FDC-42A3-9474-1A3956D46DE8}") = "Solution Items", "Solution Items", "{7A91EC15-4843-41F2-9FDA-65CE4A29054C}"
	ProjectSection(SolutionItems) = preProject
		.gitignore = .gitignore
		Readme.md = Readme.md
	EndProjectSection
EndProject
Global
	GlobalSection(SolutionConfigurationPlatforms) = preSolution
		Debug|Any CPU = Debug|Any CPU
		Release|Any CPU = Release|Any CPU
	EndGlobalSection
	GlobalSection(ProjectConfigurationPlatforms) = postSolution
		{D21504CC-42B3-41C5-A4DE-3F6B4EC5B962}.Debug|Any CPU.ActiveCfg = Debug|Any CPU
		{D21504CC-42B3-41C5-A4DE-3F6B4EC5B962}.Debug|Any CPU.Build.0 = Debug|Any CPU
		{D21504CC-42B3-41C5-A4DE-3F6B4EC5B962}.Release|Any CPU.ActiveCfg = Release|Any CPU
		{D21504CC-42B3-41C5-A4DE-3F6B4EC5B962}.Release|Any CPU.Build.0 = Release|Any CPU
		{67A5467E-1F2A-465C-9AB4-F1C0260497A4}.Debug|Any CPU.ActiveCfg = Debug|Any CPU
		{67A5467E-1F2A-465C-9AB4-F1C0260497A4}.Debug|Any CPU.Build.0 = Debug|Any CPU
		{67A5467E-1F2A-465C-9AB4-F1C0260497A4}.Release|Any CPU.ActiveCfg = Release|Any CPU
		{67A5467E-1F2A-465C-9AB4-F1C0260497A4}.Release|Any CPU.Build.0 = Release|Any CPU
	EndGlobalSection
	GlobalSection(SolutionProperties) = preSolution
		HideSolutionNode = FALSE
	EndGlobalSection
	GlobalSection(ExtensibilityGlobals) = postSolution
		SolutionGuid = {8CFB111F-99A7-4969-A28C-6ADA0452106B}
	EndGlobalSection
EndGlobal
